{
  "name": "simple_s3",
  "version": "1.0.0",
  "lockfileVersion": 1,
  "requires": true,
  "dependencies": {
    "@aws-cdk/aws-events": {
      "version": "1.14.0",
      "resolved": "https://registry.npmjs.org/@aws-cdk/aws-events/-/aws-events-1.14.0.tgz",
      "integrity": "sha512-7Qaixv1qtGvjwE6u/zpVS8UC3HAwLNansRnnIvd9/EBS8xw8lOxwJcq8hsXdPGiLygcdXuJamsPfHTEOcHBC3Q==",
      "requires": {
        "@aws-cdk/aws-iam": "1.14.0",
        "@aws-cdk/core": "1.14.0"
      }
    },
    "@aws-cdk/aws-iam": {
      "version": "1.14.0",
      "resolved": "https://registry.npmjs.org/@aws-cdk/aws-iam/-/aws-iam-1.14.0.tgz",
      "integrity": "sha512-eur34K2n97W/1Nu+gpranBg23Qexvivwh3mL4pEmfprJ+6UfQ0o2KWSAZoTm7CCse4eMQiNGYxU7H8KDcHui7g==",
      "requires": {
        "@aws-cdk/core": "1.14.0",
        "@aws-cdk/region-info": "1.14.0"
      }
    },
    "@aws-cdk/aws-kms": {
      "version": "1.14.0",
      "resolved": "https://registry.npmjs.org/@aws-cdk/aws-kms/-/aws-kms-1.14.0.tgz",
      "integrity": "sha512-NGbU63i+lV+PpQQInxnzeZpgbSUsKMyrxO7glMem/HKQ0QGrf8JE7ipRBQoHk6b2s3GASlBAN7cyZAcZbmmIRw==",
      "requires": {
        "@aws-cdk/aws-iam": "1.14.0",
        "@aws-cdk/core": "1.14.0"
      }
    },
    "@aws-cdk/aws-s3": {
      "version": "1.14.0",
      "resolved": "https://registry.npmjs.org/@aws-cdk/aws-s3/-/aws-s3-1.14.0.tgz",
      "integrity": "sha512-Ii22wa6NcHI8y9KmtFqT8WQglyskgSgGx6FS953ZhP57D1+mi8+plNUi0uIF5gCVq/2TZLHbBCmHR9rMykQRiA==",
      "requires": {
        "@aws-cdk/aws-events": "1.14.0",
        "@aws-cdk/aws-iam": "1.14.0",
        "@aws-cdk/aws-kms": "1.14.0",
        "@aws-cdk/core": "1.14.0"
      }
    },
    "@aws-cdk/core": {
      "version": "1.14.0",
      "resolved": "https://registry.npmjs.org/@aws-cdk/core/-/core-1.14.0.tgz",
      "integrity": "sha512-8EJkHlmLA8dL2O/gY68A6vLpR3TtGFIiCCKkXcyIHhKyXva7alCJYR3D7IVdIjtL0Kp1OEiOkPVMGARQdjQysg==",
      "requires": {
        "@aws-cdk/cx-api": "1.14.0"
      }
    },
    "@aws-cdk/cx-api": {
      "version": "1.14.0",
      "resolved": "https://registry.npmjs.org/@aws-cdk/cx-api/-/cx-api-1.14.0.tgz",
      "integrity": "sha512-bTe6OPexb4FdN02GM42Af80Uf1qF/viC3FPwzhkVRdk31ZrSKbxNgh7Ys9OtVTp91U06RNpfWrTjob+DLQJmoQ==",
      "requires": {
        "semver": "^6.3.0"
      },
      "dependencies": {
        "semver": {
          "version": "6.3.0",
          "bundled": true
        }
      }
    },
    "@aws-cdk/region-info": {
      "version": "1.14.0",
      "resolved": "https://registry.npmjs.org/@aws-cdk/region-info/-/region-info-1.14.0.tgz",
      "integrity": "sha512-Yw/BuOSh39QelX9X4Hik0Cuq8WFm1KYDU2CJyEnzMrP9dVhlLTrsUnZcQM4kZ8LqY624QmMI1lsq0SE0A1fyeA=="
    }
  }
}
